// !$*UTF8*$!
{
	archiveVersion = 1;
	classes = {
	};
	objectVersion = 46;
	objects = {

/* Begin PBXBuildFile section */
		680827671BC6FA5500CA989B /* PlayAudioViewController.swift in Sources */ = {isa = PBXBuildFile; fileRef = 680827661BC6FA5500CA989B /* PlayAudioViewController.swift */; };
		6808276D1BC707CA00CA989B /* slowsound.mp3 in Resources */ = {isa = PBXBuildFile; fileRef = 6808276C1BC707CA00CA989B /* slowsound.mp3 */; };
		68709CC71BC6AE3D00929B19 /* AppDelegate.swift in Sources */ = {isa = PBXBuildFile; fileRef = 68709CC61BC6AE3D00929B19 /* AppDelegate.swift */; };
		68709CC91BC6AE3D00929B19 /* ViewController.swift in Sources */ = {isa = PBXBuildFile; fileRef = 68709CC81BC6AE3D00929B19 /* ViewController.swift */; };
		68709CCC1BC6AE3D00929B19 /* Main.storyboard in Resources */ = {isa = PBXBuildFile; fileRef = 68709CCA1BC6AE3D00929B19 /* Main.storyboard */; };
		68709CCE1BC6AE3D00929B19 /* Images.xcassets in Resources */ = {isa = PBXBuildFile; fileRef = 68709CCD1BC6AE3D00929B19 /* Images.xcassets */; };
		68709CD11BC6AE3D00929B19 /* LaunchScreen.xib in Resources */ = {isa = PBXBuildFile; fileRef = 68709CCF1BC6AE3D00929B19 /* LaunchScreen.xib */; };
		68709CDD1BC6AE3D00929B19 /* Voice_ShifterTests.swift in Sources */ = {isa = PBXBuildFile; fileRef = 68709CDC1BC6AE3D00929B19 /* Voice_ShifterTests.swift */; };
/* End PBXBuildFile section */

/* Begin PBXContainerItemProxy section */
		68709CD71BC6AE3D00929B19 /* PBXContainerItemProxy */ = {
			isa = PBXContainerItemProxy;
			containerPortal = 68709CB91BC6AE3C00929B19 /* Project object */;
			proxyType = 1;
			remoteGlobalIDString = 68709CC01BC6AE3D00929B19;
			remoteInfo = "Voice Shifter";
		};
/* End PBXContainerItemProxy section */

/* Begin PBXFileReference section */
		680827661BC6FA5500CA989B /* PlayAudioViewController.swift */ = {isa = PBXFileReference; fileEncoding = 4; lastKnownFileType = sourcecode.swift; path = PlayAudioViewController.swift; sourceTree = "<group>"; };
		6808276C1BC707CA00CA989B /* slowsound.mp3 */ = {isa = PBXFileReference; lastKnownFileType = audio.mp3; name = slowsound.mp3; path = "Voice Shifter/slowsound.mp3"; sourceTree = "<group>"; };
		68709CC11BC6AE3D00929B19 /* Voice Shifter.app */ = {isa = PBXFileReference; explicitFileType = wrapper.application; includeInIndex = 0; path = "Voice Shifter.app"; sourceTree = BUILT_PRODUCTS_DIR; };
		68709CC51BC6AE3D00929B19 /* Info.plist */ = {isa = PBXFileReference; lastKnownFileType = text.plist.xml; path = Info.plist; sourceTree = "<group>"; };
		68709CC61BC6AE3D00929B19 /* AppDelegate.swift */ = {isa = PBXFileReference; lastKnownFileType = sourcecode.swift; path = AppDelegate.swift; sourceTree = "<group>"; };
		68709CC81BC6AE3D00929B19 /* ViewController.swift */ = {isa = PBXFileReference; lastKnownFileType = sourcecode.swift; path = ViewController.swift; sourceTree = "<group>"; };
		68709CCB1BC6AE3D00929B19 /* Base */ = {isa = PBXFileReference; lastKnownFileType = file.storyboard; name = Base; path = Base.lproj/Main.storyboard; sourceTree = "<group>"; };
		68709CCD1BC6AE3D00929B19 /* Images.xcassets */ = {isa = PBXFileReference; lastKnownFileType = folder.assetcatalog; path = Images.xcassets; sourceTree = "<group>"; };
		68709CD01BC6AE3D00929B19 /* Base */ = {isa = PBXFileReference; lastKnownFileType = file.xib; name = Base; path = Base.lproj/LaunchScreen.xib; sourceTree = "<group>"; };
		68709CD61BC6AE3D00929B19 /* Voice ShifterTests.xctest */ = {isa = PBXFileReference; explicitFileType = wrapper.cfbundle; includeInIndex = 0; path = "Voice ShifterTests.xctest"; sourceTree = BUILT_PRODUCTS_DIR; };
		68709CDB1BC6AE3D00929B19 /* Info.plist */ = {isa = PBXFileReference; lastKnownFileType = text.plist.xml; path = Info.plist; sourceTree = "<group>"; };
		68709CDC1BC6AE3D00929B19 /* Voice_ShifterTests.swift */ = {isa = PBXFileReference; lastKnownFileType = sourcecode.swift; path = Voice_ShifterTests.swift; sourceTree = "<group>"; };
/* End PBXFileReference section */

/* Begin PBXFrameworksBuildPhase section */
		68709CBE1BC6AE3D00929B19 /* Frameworks */ = {
			isa = PBXFrameworksBuildPhase;
			buildActionMask = 2147483647;
			files = (
			);
			runOnlyForDeploymentPostprocessing = 0;
		};
		68709CD31BC6AE3D00929B19 /* Frameworks */ = {
			isa = PBXFrameworksBuildPhase;
			buildActionMask = 2147483647;
			files = (
			);
			runOnlyForDeploymentPostprocessing = 0;
		};
/* End PBXFrameworksBuildPhase section */

/* Begin PBXGroup section */
		68709CB81BC6AE3C00929B19 = {
			isa = PBXGroup;
			children = (
				6808276C1BC707CA00CA989B /* slowsound.mp3 */,
				68709CC31BC6AE3D00929B19 /* Voice Shifter */,
				68709CD91BC6AE3D00929B19 /* Voice ShifterTests */,
				68709CC21BC6AE3D00929B19 /* Products */,
			);
			sourceTree = "<group>";
		};
		68709CC21BC6AE3D00929B19 /* Products */ = {
			isa = PBXGroup;
			children = (
				68709CC11BC6AE3D00929B19 /* Voice Shifter.app */,
				68709CD61BC6AE3D00929B19 /* Voice ShifterTests.xctest */,
			);
			name = Products;
			sourceTree = "<group>";
		};
		68709CC31BC6AE3D00929B19 /* Voice Shifter */ = {
			isa = PBXGroup;
			children = (
				68709CC61BC6AE3D00929B19 /* AppDelegate.swift */,
				68709CC81BC6AE3D00929B19 /* ViewController.swift */,
				680827661BC6FA5500CA989B /* PlayAudioViewController.swift */,
				68709CCA1BC6AE3D00929B19 /* Main.storyboard */,
				68709CCD1BC6AE3D00929B19 /* Images.xcassets */,
				68709CCF1BC6AE3D00929B19 /* LaunchScreen.xib */,
				68709CC41BC6AE3D00929B19 /* Supporting Files */,
			);
			path = "Voice Shifter";
			sourceTree = "<group>";
		};
		68709CC41BC6AE3D00929B19 /* Supporting Files */ = {
			isa = PBXGroup;
			children = (
				68709CC51BC6AE3D00929B19 /* Info.plist */,
			);
			name = "Supporting Files";
			sourceTree = "<group>";
		};
		68709CD91BC6AE3D00929B19 /* Voice ShifterTests */ = {
			isa = PBXGroup;
			children = (
				68709CDC1BC6AE3D00929B19 /* Voice_ShifterTests.swift */,
				68709CDA1BC6AE3D00929B19 /* Supporting Files */,
			);
			path = "Voice ShifterTests";
			sourceTree = "<group>";
		};
		68709CDA1BC6AE3D00929B19 /* Supporting Files */ = {
			isa = PBXGroup;
			children = (
				68709CDB1BC6AE3D00929B19 /* Info.plist */,
			);
			name = "Supporting Files";
			sourceTree = "<group>";
		};
/* End PBXGroup section */

/* Begin PBXNativeTarget section */
		68709CC01BC6AE3D00929B19 /* Voice Shifter */ = {
			isa = PBXNativeTarget;
			buildConfigurationList = 68709CE01BC6AE3D00929B19 /* Build configuration list for PBXNativeTarget "Voice Shifter" */;
			buildPhases = (
				68709CBD1BC6AE3D00929B19 /* Sources */,
				68709CBE1BC6AE3D00929B19 /* Frameworks */,
				68709CBF1BC6AE3D00929B19 /* Resources */,
			);
			buildRules = (
			);
			dependencies = (
			);
			name = "Voice Shifter";
			productName = "Voice Shifter";
			productReference = 68709CC11BC6AE3D00929B19 /* Voice Shifter.app */;
			productType = "com.apple.product-type.application";
		};
		68709CD51BC6AE3D00929B19 /* Voice ShifterTests */ = {
			isa = PBXNativeTarget;
			buildConfigurationList = 68709CE31BC6AE3D00929B19 /* Build configuration list for PBXNativeTarget "Voice ShifterTests" */;
			buildPhases = (
				68709CD21BC6AE3D00929B19 /* Sources */,
				68709CD31BC6AE3D00929B19 /* Frameworks */,
				68709CD41BC6AE3D00929B19 /* Resources */,
			);
			buildRules = (
			);
			dependencies = (
				68709CD81BC6AE3D00929B19 /* PBXTargetDependency */,
			);
			name = "Voice ShifterTests";
			productName = "Voice ShifterTests";
			productReference = 68709CD61BC6AE3D00929B19 /* Voice ShifterTests.xctest */;
			productType = "com.apple.product-type.bundle.unit-test";
		};
/* End PBXNativeTarget section */

/* Begin PBXProject section */
		68709CB91BC6AE3C00929B19 /* Project object */ = {
			isa = PBXProject;
			attributes = {
				LastUpgradeCheck = 0640;
				ORGANIZATIONNAME = philoniare;
				TargetAttributes = {
					68709CC01BC6AE3D00929B19 = {
						CreatedOnToolsVersion = 6.4;
					};
					68709CD51BC6AE3D00929B19 = {
						CreatedOnToolsVersion = 6.4;
						TestTargetID = 68709CC01BC6AE3D00929B19;
					};
				};
			};
			buildConfigurationList = 68709CBC1BC6AE3C00929B19 /* Build configuration list for PBXProject "Voice Shifter" */;
			compatibilityVersion = "Xcode 3.2";
			developmentRegion = English;
			hasScannedForEncodings = 0;
			knownRegions = (
				en,
				Base,
			);
			mainGroup = 68709CB81BC6AE3C00929B19;
			productRefGroup = 68709CC21BC6AE3D00929B19 /* Products */;
			projectDirPath = "";
			projectRoot = "";
			targets = (
				68709CC01BC6AE3D00929B19 /* Voice Shifter */,
				68709CD51BC6AE3D00929B19 /* Voice ShifterTests */,
			);
		};
/* End PBXProject section */

/* Begin PBXResourcesBuildPhase section */
		68709CBF1BC6AE3D00929B19 /* Resources */ = {
			isa = PBXResourcesBuildPhase;
			buildActionMask = 2147483647;
			files = (
				68709CCC1BC6AE3D00929B19 /* Main.storyboard in Resources */,
				6808276D1BC707CA00CA989B /* slowsound.mp3 in Resources */,
				68709CD11BC6AE3D00929B19 /* LaunchScreen.xib in Resources */,
				68709CCE1BC6AE3D00929B19 /* Images.xcassets in Resources */,
			);
			runOnlyForDeploymentPostprocessing = 0;
		};
		68709CD41BC6AE3D00929B19 /* Resources */ = {
			isa = PBXResourcesBuildPhase;
			buildActionMask = 2147483647;
			files = (
			);
			runOnlyForDeploymentPostprocessing = 0;
		};
/* End PBXResourcesBuildPhase section */

/* Begin PBXSourcesBuildPhase section */
		68709CBD1BC6AE3D00929B19 /* Sources */ = {
			isa = PBXSourcesBuildPhase;
			buildActionMask = 2147483647;
			files = (
				68709CC91BC6AE3D00929B19 /* ViewController.swift in Sources */,
				68709CC71BC6AE3D00929B19 /* AppDelegate.swift in Sources */,
				680827671BC6FA5500CA989B /* PlayAudioViewController.swift in Sources */,
			);
			runOnlyForDeploymentPostprocessing = 0;
		};
		68709CD21BC6AE3D00929B19 /* Sources */ = {
			isa = PBXSourcesBuildPhase;
			buildActionMask = 2147483647;
			files = (
				68709CDD1BC6AE3D00929B19 /* Voice_ShifterTests.swift in Sources */,
			);
			runOnlyForDeploymentPostprocessing = 0;
		};
/* End PBXSourcesBuildPhase section */

/* Begin PBXTargetDependency section */
		68709CD81BC6AE3D00929B19 /* PBXTargetDependency */ = {
			isa = PBXTargetDependency;
			target = 68709CC01BC6AE3D00929B19 /* Voice Shifter */;
			targetProxy = 68709CD71BC6AE3D00929B19 /* PBXContainerItemProxy */;
		};
/* End PBXTargetDependency section */

/* Begin PBXVariantGroup section */
		68709CCA1BC6AE3D00929B19 /* Main.storyboard */ = {
			isa = PBXVariantGroup;
			children = (
				68709CCB1BC6AE3D00929B19 /* Base */,
			);
			name = Main.storyboard;
			sourceTree = "<group>";
		};
		68709CCF1BC6AE3D00929B19 /* LaunchScreen.xib */ = {
			isa = PBXVariantGroup;
			children = (
				68709CD01BC6AE3D00929B19 /* Base */,
			);
			name = LaunchScreen.xib;
			sourceTree = "<group>";
		};
/* End PBXVariantGroup section */

/* Begin XCBuildConfiguration section */
		68709CDE1BC6AE3D00929B19 /* Debug */ = {
			isa = XCBuildConfiguration;
			buildSettings = {
				ALWAYS_SEARCH_USER_PATHS = NO;
				CLANG_CXX_LANGUAGE_STANDARD = "gnu++0x";
				CLANG_CXX_LIBRARY = "libc++";
				CLANG_ENABLE_MODULES = YES;
				CLANG_ENABLE_OBJC_ARC = YES;
				CLANG_WARN_BOOL_CONVERSION = YES;
				CLANG_WARN_CONSTANT_CONVERSION = YES;
				CLANG_WARN_DIRECT_OBJC_ISA_USAGE = YES_ERROR;
				CLANG_WARN_EMPTY_BODY = YES;
				CLANG_WARN_ENUM_CONVERSION = YES;
				CLANG_WARN_INT_CONVERSION = YES;
				CLANG_WARN_OBJC_ROOT_CLASS = YES_ERROR;
				CLANG_WARN_UNREACHABLE_CODE = YES;
				CLANG_WARN__DUPLICATE_METHOD_MATCH = YES;
				"CODE_SIGN_IDENTITY[sdk=iphoneos*]" = "iPhone Developer";
				COPY_PHASE_STRIP = NO;
				DEBUG_INFORMATION_FORMAT = "dwarf-with-dsym";
				ENABLE_STRICT_OBJC_MSGSEND = YES;
				GCC_C_LANGUAGE_STANDARD = gnu99;
				GCC_DYNAMIC_NO_PIC = NO;
				GCC_NO_COMMON_BLOCKS = YES;
				GCC_OPTIMIZATION_LEVEL = 0;
				GCC_PREPROCESSOR_DEFINITIONS = (
					"DEBUG=1",
					"$(inherited)",
				);
				GCC_SYMBOLS_PRIVATE_EXTERN = NO;
				GCC_WARN_64_TO_32_BIT_CONVERSION = YES;
				GCC_WARN_ABOUT_RETURN_TYPE = YES_ERROR;
				GCC_WARN_UNDECLARED_SELECTOR = YES;
				GCC_WARN_UNINITIALIZED_AUTOS = YES_AGGRESSIVE;
				GCC_WARN_UNUSED_FUNCTION = YES;
				GCC_WARN_UNUSED_VARIABLE = YES;
				IPHONEOS_DEPLOYMENT_TARGET = 8.4;
				MTL_ENABLE_DEBUG_INFO = YES;
				ONLY_ACTIVE_ARCH = YES;
				SDKROOT = iphoneos;
				SWIFT_OPTIMIZATION_LEVEL = "-Onone";
			};
			name = Debug;
		};
		68709CDF1BC6AE3D00929B19 /* Release */ = {
			isa = XCBuildConfiguration;
			buildSettings = {
				ALWAYS_SEARCH_USER_PATHS = NO;
				CLANG_CXX_LANGUAGE_STANDARD = "gnu++0x";
				CLANG_CXX_LIBRARY = "libc++";
				CLANG_ENABLE_MODULES = YES;
				CLANG_ENABLE_OBJC_ARC = YES;
				CLANG_WARN_BOOL_CONVERSION = YES;
				CLANG_WARN_CONSTANT_CONVERSION = YES;
				CLANG_WARN_DIRECT_OBJC_ISA_USAGE = YES_ERROR;
				CLANG_WARN_EMPTY_BODY = YES;
				CLANG_WARN_ENUM_CONVERSION = YES;
				CLANG_WARN_INT_CONVERSION = YES;
				CLANG_WARN_OBJC_ROOT_CLASS = YES_ERROR;
				CLANG_WARN_UNREACHABLE_CODE = YES;
				CLANG_WARN__DUPLICATE_METHOD_MATCH = YES;
				"CODE_SIGN_IDENTITY[sdk=iphoneos*]" = "iPhone Developer";
				COPY_PHASE_STRIP = NO;
				DEBUG_INFORMATION_FORMAT = "dwarf-with-dsym";
				ENABLE_NS_ASSERTIONS = NO;
				ENABLE_STRICT_OBJC_MSGSEND = YES;
				GCC_C_LANGUAGE_STANDARD = gnu99;
				GCC_NO_COMMON_BLOCKS = YES;
				GCC_WARN_64_TO_32_BIT_CONVERSION = YES;
				GCC_WARN_ABOUT_RETURN_TYPE = YES_ERROR;
				GCC_WARN_UNDECLARED_SELECTOR = YES;
				GCC_WARN_UNINITIALIZED_AUTOS = YES_AGGRESSIVE;
				GCC_WARN_UNUSED_FUNCTION = YES;
				GCC_WARN_UNUSED_VARIABLE = YES;
				IPHONEOS_DEPLOYMENT_TARGET = 8.4;
				MTL_ENABLE_DEBUG_INFO = NO;
				SDKROOT = iphoneos;
				VALIDATE_PRODUCT = YES;
			};
			name = Release;
		};
		68709CE11BC6AE3D00929B19 /* Debug */ = {
			isa = XCBuildConfiguration;
			buildSettings = {
				ASSETCATALOG_COMPILER_APPICON_NAME = AppIcon;
				INFOPLIST_FILE = "Voice Shifter/Info.plist";
				LD_RUNPATH_SEARCH_PATHS = "$(inherited) @executable_path/Frameworks";
				PRODUCT_NAME = "$(TARGET_NAME)";
			};
			name = Debug;
		};
		68709CE21BC6AE3D00929B19 /* Release */ = {
			isa = XCBuildConfiguration;
			buildSettings = {
				ASSETCATALOG_COMPILER_APPICON_NAME = AppIcon;
				INFOPLIST_FILE = "Voice Shifter/Info.plist";
				LD_RUNPATH_SEARCH_PATHS = "$(inherited) @executable_path/Frameworks";
				PRODUCT_NAME = "$(TARGET_NAME)";
			};
			name = Release;
		};
		68709CE41BC6AE3D00929B19 /* Debug */ = {
			isa = XCBuildConfiguration;
			buildSettings = {
				BUNDLE_LOADER = "$(TEST_HOST)";
				FRAMEWORK_SEARCH_PATHS = (
					"$(SDKROOT)/Developer/Library/Frameworks",
					"$(inherited)",
				);
				GCC_PREPROCESSOR_DEFINITIONS = (
					"DEBUG=1",
					"$(inherited)",
				);
				INFOPLIST_FILE = "Voice ShifterTests/Info.plist";
				LD_RUNPATH_SEARCH_PATHS = "$(inherited) @executable_path/Frameworks @loader_path/Frameworks";
				PRODUCT_NAME = "$(TARGET_NAME)";
				TEST_HOST = "$(BUILT_PRODUCTS_DIR)/Voice Shifter.app/Voice Shifter";
			};
			name = Debug;
		};
		68709CE51BC6AE3D00929B19 /* Release */ = {
			isa = XCBuildConfiguration;
			buildSettings = {
				BUNDLE_LOADER = "$(TEST_HOST)";
				FRAMEWORK_SEARCH_PATHS = (
					"$(SDKROOT)/Developer/Library/Frameworks",
					"$(inherited)",
				);
				INFOPLIST_FILE = "Voice ShifterTests/Info.plist";
				LD_RUNPATH_SEARCH_PATHS = "$(inherited) @executable_path/Frameworks @loader_path/Frameworks";
				PRODUCT_NAME = "$(TARGET_NAME)";
				TEST_HOST = "$(BUILT_PRODUCTS_DIR)/Voice Shifter.app/Voice Shifter";
			};
			name = Release;
		};
/* End XCBuildConfiguration section */

/* Begin XCConfigurationList section */
		68709CBC1BC6AE3C00929B19 /* Build configuration list for PBXProject "Voice Shifter" */ = {
			isa = XCConfigurationList;
			buildConfigurations = (
				68709CDE1BC6AE3D00929B19 /* Debug */,
				68709CDF1BC6AE3D00929B19 /* Release */,
			);
			defaultConfigurationIsVisible = 0;
			defaultConfigurationName = Release;
		};
		68709CE01BC6AE3D00929B19 /* Build configuration list for PBXNativeTarget "Voice Shifter" */ = {
			isa = XCConfigurationList;
			buildConfigurations = (
				68709CE11BC6AE3D00929B19 /* Debug */,
				68709CE21BC6AE3D00929B19 /* Release */,
			);
			defaultConfigurationIsVisible = 0;
			defaultConfigurationName = Release;
		};
		68709CE31BC6AE3D00929B19 /* Build configuration list for PBXNativeTarget "Voice ShifterTests" */ = {
			isa = XCConfigurationList;
			buildConfigurations = (
				68709CE41BC6AE3D00929B19 /* Debug */,
				68709CE51BC6AE3D00929B19 /* Release */,
			);
			defaultConfigurationIsVisible = 0;
			defaultConfigurationName = Release;
		};
/* End XCConfigurationList section */
	};
	rootObject = 68709CB91BC6AE3C00929B19 /* Project object */;
}
